
Microsoft Visual Studio Solution File, Format Version 12.00
# Visual Studio Version 16
VisualStudioVersion = 16.0.28803.352
MinimumVisualStudioVersion = 10.0.40219.1
Project("{FAE04EC0-301F-11D3-BF4B-00C04F79EFBC}") = "TicTacToe", "TicTacToe.csproj", "{10D6CD91-9B51-4101-AA34-0BAB71E771DF}"
EndProject
Global
	GlobalSection(SolutionConfigurationPlatforms) = preSolution
		Debug|Any CPU = Debug|Any CPU
		Release|Any CPU = Release|Any CPU
	EndGlobalSection
	GlobalSection(ProjectConfigurationPlatforms) = postSolution
		{10D6CD91-9B51-4101-AA34-0BAB71E771DF}.Debug|Any CPU.ActiveCfg = Debug|Any CPU
		{10D6CD91-9B51-4101-AA34-0BAB71E771DF}.Debug|Any CPU.Build.0 = Debug|Any CPU
		{10D6CD91-9B51-4101-AA34-0BAB71E771DF}.Release|Any CPU.ActiveCfg = Release|Any CPU
		{10D6CD91-9B51-4101-AA34-0BAB71E771DF}.Release|Any CPU.Build.0 = Release|Any CPU
	EndGlobalSection
	GlobalSection(SolutionProperties) = preSolution
		HideSolutionNode = FALSE
	EndGlobalSection
	GlobalSection(ExtensibilityGlobals) = postSolution
		SolutionGuid = {DFC8A4E0-6634-4143-9D01-F2764E44575B}
	EndGlobalSection
EndGlobal
